{
  "nodes": {
    "arc": {
      "inputs": {
        "nixpkgs": "nixpkgs"
      },
      "locked": {
        "lastModified": 1683235170,
        "narHash": "sha256-7ADXXsb2CyGIZXBMTVxQzckyMCy6TuOXytHbw+wdmQE=",
        "owner": "arcnmx",
        "repo": "nixexprs",
        "rev": "6fc9294a7913ebdcab58682a889e0dc234f3aa67",
        "type": "github"
      },
      "original": {
        "owner": "arcnmx",
        "repo": "nixexprs",
        "type": "github"
      }
    },
    "awsvpnclient": {
      "inputs": {
        "nixpkgs": "nixpkgs_2"
      },
      "locked": {
        "lastModified": 1678777780,
        "narHash": "sha256-OHeo0J7wdW7tm6kZWQpqQANnnGuvxxYv2MKU0Mq+GuY=",
        "owner": "ymatsiuk",
        "repo": "awsvpnclient",
        "rev": "8bdfd42d893f7e80c5d0044cdb3181bdf3612ff2",
        "type": "github"
      },
      "original": {
        "owner": "ymatsiuk",
        "repo": "awsvpnclient",
        "type": "github"
      }
    },
    "gomod2nix": {
      "inputs": {
        "nixpkgs": [
          "nixpkgs"
        ],
        "utils": "utils"
      },
      "locked": {
        "lastModified": 1677459247,
        "narHash": "sha256-JbakfAiPYmCCV224yAMq/XO0udN5coWv/oazblMKdoY=",
        "owner": "tweag",
        "repo": "gomod2nix",
        "rev": "3cbf3a51fe32e2f57af4c52744e7228bab22983d",
        "type": "github"
      },
      "original": {
        "owner": "tweag",
        "repo": "gomod2nix",
        "type": "github"
      }
    },
    "home-manager": {
      "inputs": {
        "nixpkgs": [
          "nixpkgs"
        ]
      },
      "locked": {
        "lastModified": 1683543852,
        "narHash": "sha256-aS9qNcg9GwSYFLCWa3Lw+2nVPG11mmQ3B7Oka1hh04M=",
        "owner": "nix-community",
        "repo": "home-manager",
        "rev": "3f3fa731ad0f99741d4dc98e8e1287b45e30b452",
        "type": "github"
      },
      "original": {
        "owner": "nix-community",
        "repo": "home-manager",
        "type": "github"
      }
    },
    "nixlib": {
      "locked": {
        "lastModified": 1681001314,
        "narHash": "sha256-5sDnCLdrKZqxLPK4KA8+f4A3YKO/u6ElpMILvX0g72c=",
        "owner": "nix-community",
        "repo": "nixpkgs.lib",
        "rev": "367c0e1086a4eb4502b24d872cea2c7acdd557f4",
        "type": "github"
      },
      "original": {
        "owner": "nix-community",
        "repo": "nixpkgs.lib",
        "type": "github"
      }
    },
    "nixos-generators": {
      "inputs": {
        "nixlib": "nixlib",
        "nixpkgs": [
          "nixpkgs"
        ]
      },
      "locked": {
        "lastModified": 1683530131,
        "narHash": "sha256-R0RSqj6JdZfru2x/cM19KJMHsU52OjtyxI5cccd+uFc=",
        "owner": "nix-community",
        "repo": "nixos-generators",
        "rev": "10079333313ff62446e6f2b0e7c5231c7431d269",
        "type": "github"
      },
      "original": {
        "owner": "nix-community",
        "repo": "nixos-generators",
        "type": "github"
      }
    },
    "nixpkgs": {
      "locked": {
        "lastModified": 1683185507,
        "narHash": "sha256-Wcj09pigMFgj+0borXeoJvVMwH2Rc4gkSq4BwNq3k7s=",
        "owner": "NixOS",
        "repo": "nixpkgs",
        "rev": "63464b8c2837ec56e1d610f5bd2a9b8e1f532c07",
        "type": "github"
      },
      "original": {
        "id": "nixpkgs",
        "type": "indirect"
      }
    },
    "nixpkgs-stable": {
      "locked": {
        "lastModified": 1683504292,
        "narHash": "sha256-jlZbBIKGa6IMGkcJkQ08pbKnouTAPfeq1fD5I7l/rBw=",
        "owner": "NixOS",
        "repo": "nixpkgs",
        "rev": "ba0086c178d4ed60a7899f739caea553eca2e046",
        "type": "github"
      },
      "original": {
        "owner": "NixOS",
        "ref": "release-22.11",
        "repo": "nixpkgs",
        "type": "github"
      }
    },
    "nixpkgs_2": {
      "locked": {
        "narHash": "sha256-8nQx02tTzgYO21BP/dy5BCRopE8OwE8Drsw98j+Qoaw=",
        "path": "/nix/store/a33ann70s2kqn8q1h4vv4il56i0lk60g-source",
        "type": "path"
      },
      "original": {
        "id": "nixpkgs",
        "type": "indirect"
      }
    },
    "nixpkgs_3": {
      "locked": {
        "lastModified": 1683408522,
        "narHash": "sha256-9kcPh6Uxo17a3kK3XCHhcWiV1Yu1kYj22RHiymUhMkU=",
        "owner": "NixOS",
        "repo": "nixpkgs",
        "rev": "897876e4c484f1e8f92009fd11b7d988a121a4e7",
        "type": "github"
      },
      "original": {
        "id": "nixpkgs",
        "ref": "nixos-unstable",
        "type": "indirect"
      }
    },
    "nixpkgs_4": {
      "locked": {
        "lastModified": 1683475240,
        "narHash": "sha256-sy6MYoCaIZsOenYplbzVXI4Ce9Bp/vIOpuFa97+a6wc=",
        "owner": "NixOS",
        "repo": "nixpkgs",
        "rev": "e040aab15638aaf8d0786894851a2b1ca09a7baf",
        "type": "github"
      },
      "original": {
        "owner": "NixOS",
        "ref": "nixpkgs-unstable",
        "repo": "nixpkgs",
        "type": "github"
      }
    },
    "root": {
      "inputs": {
        "arc": "arc",
        "awsvpnclient": "awsvpnclient",
        "gomod2nix": "gomod2nix",
        "home-manager": "home-manager",
        "nixos-generators": "nixos-generators",
        "nixpkgs": "nixpkgs_3",
        "sops-nix": "sops-nix"
      }
    },
    "sops-nix": {
      "inputs": {
        "nixpkgs": "nixpkgs_4",
        "nixpkgs-stable": "nixpkgs-stable"
      },
      "locked": {
        "lastModified": 1683545104,
        "narHash": "sha256-48wC0zzHAej/wLFWIgV+uj63AvQ2UUk85g7wmXJzTqk=",
        "owner": "mic92",
        "repo": "sops-nix",
        "rev": "36b062a2c85a0efb37de1300c79c54602a094fab",
        "type": "github"
      },
      "original": {
        "owner": "mic92",
        "repo": "sops-nix",
        "type": "github"
      }
    },
    "utils": {
      "locked": {
        "lastModified": 1653893745,
        "narHash": "sha256-0jntwV3Z8//YwuOjzhV2sgJJPt+HY6KhU7VZUL0fKZQ=",
        "owner": "numtide",
        "repo": "flake-utils",
        "rev": "1ed9fb1935d260de5fe1c2f7ee0ebaae17ed2fa1",
        "type": "github"
      },
      "original": {
        "owner": "numtide",
        "repo": "flake-utils",
        "type": "github"
      }
    }
  },
  "root": "root",
  "version": 7
}
